// !$*UTF8*$!
{
	archiveVersion = 1;
	classes = {
	};
	objectVersion = 46;
	objects = {

/* Begin PBXBuildFile section */
		227E84A21BC5902F00908A30 /* AppDelegate.swift in Sources */ = {isa = PBXBuildFile; fileRef = 227E84A11BC5902F00908A30 /* AppDelegate.swift */; };
		227E84A41BC5903000908A30 /* ViewController.swift in Sources */ = {isa = PBXBuildFile; fileRef = 227E84A31BC5903000908A30 /* ViewController.swift */; };
		227E84A71BC5903000908A30 /* Main.storyboard in Resources */ = {isa = PBXBuildFile; fileRef = 227E84A51BC5903000908A30 /* Main.storyboard */; };
		227E84A91BC5903000908A30 /* Assets.xcassets in Resources */ = {isa = PBXBuildFile; fileRef = 227E84A81BC5903000908A30 /* Assets.xcassets */; };
		227E84AC1BC5903000908A30 /* LaunchScreen.storyboard in Resources */ = {isa = PBXBuildFile; fileRef = 227E84AA1BC5903000908A30 /* LaunchScreen.storyboard */; };
		227E84B71BC5903000908A30 /* TipsTests.swift in Sources */ = {isa = PBXBuildFile; fileRef = 227E84B61BC5903000908A30 /* TipsTests.swift */; };
		227E84C21BC5903000908A30 /* TipsUITests.swift in Sources */ = {isa = PBXBuildFile; fileRef = 227E84C11BC5903000908A30 /* TipsUITests.swift */; };
/* End PBXBuildFile section */

/* Begin PBXContainerItemProxy section */
		227E84B31BC5903000908A30 /* PBXContainerItemProxy */ = {
			isa = PBXContainerItemProxy;
			containerPortal = 227E84961BC5902F00908A30 /* Project object */;
			proxyType = 1;
			remoteGlobalIDString = 227E849D1BC5902F00908A30;
			remoteInfo = Tips;
		};
		227E84BE1BC5903000908A30 /* PBXContainerItemProxy */ = {
			isa = PBXContainerItemProxy;
			containerPortal = 227E84961BC5902F00908A30 /* Project object */;
			proxyType = 1;
			remoteGlobalIDString = 227E849D1BC5902F00908A30;
			remoteInfo = Tips;
		};
/* End PBXContainerItemProxy section */

/* Begin PBXFileReference section */
		227E849E1BC5902F00908A30 /* Tips.app */ = {isa = PBXFileReference; explicitFileType = wrapper.application; includeInIndex = 0; path = Tips.app; sourceTree = BUILT_PRODUCTS_DIR; };
		227E84A11BC5902F00908A30 /* AppDelegate.swift */ = {isa = PBXFileReference; lastKnownFileType = sourcecode.swift; path = AppDelegate.swift; sourceTree = "<group>"; };
		227E84A31BC5903000908A30 /* ViewController.swift */ = {isa = PBXFileReference; lastKnownFileType = sourcecode.swift; path = ViewController.swift; sourceTree = "<group>"; };
		227E84A61BC5903000908A30 /* Base */ = {isa = PBXFileReference; lastKnownFileType = file.storyboard; name = Base; path = Base.lproj/Main.storyboard; sourceTree = "<group>"; };
		227E84A81BC5903000908A30 /* Assets.xcassets */ = {isa = PBXFileReference; lastKnownFileType = folder.assetcatalog; path = Assets.xcassets; sourceTree = "<group>"; };
		227E84AB1BC5903000908A30 /* Base */ = {isa = PBXFileReference; lastKnownFileType = file.storyboard; name = Base; path = Base.lproj/LaunchScreen.storyboard; sourceTree = "<group>"; };
		227E84AD1BC5903000908A30 /* Info.plist */ = {isa = PBXFileReference; lastKnownFileType = text.plist.xml; path = Info.plist; sourceTree = "<group>"; };
		227E84B21BC5903000908A30 /* TipsTests.xctest */ = {isa = PBXFileReference; explicitFileType = wrapper.cfbundle; includeInIndex = 0; path = TipsTests.xctest; sourceTree = BUILT_PRODUCTS_DIR; };
		227E84B61BC5903000908A30 /* TipsTests.swift */ = {isa = PBXFileReference; lastKnownFileType = sourcecode.swift; path = TipsTests.swift; sourceTree = "<group>"; };
		227E84B81BC5903000908A30 /* Info.plist */ = {isa = PBXFileReference; lastKnownFileType = text.plist.xml; path = Info.plist; sourceTree = "<group>"; };
		227E84BD1BC5903000908A30 /* TipsUITests.xctest */ = {isa = PBXFileReference; explicitFileType = wrapper.cfbundle; includeInIndex = 0; path = TipsUITests.xctest; sourceTree = BUILT_PRODUCTS_DIR; };
		227E84C11BC5903000908A30 /* TipsUITests.swift */ = {isa = PBXFileReference; lastKnownFileType = sourcecode.swift; path = TipsUITests.swift; sourceTree = "<group>"; };
		227E84C31BC5903000908A30 /* Info.plist */ = {isa = PBXFileReference; lastKnownFileType = text.plist.xml; path = Info.plist; sourceTree = "<group>"; };
/* End PBXFileReference section */

/* Begin PBXFrameworksBuildPhase section */
		227E849B1BC5902F00908A30 /* Frameworks */ = {
			isa = PBXFrameworksBuildPhase;
			buildActionMask = 2147483647;
			files = (
			);
			runOnlyForDeploymentPostprocessing = 0;
		};
		227E84AF1BC5903000908A30 /* Frameworks */ = {
			isa = PBXFrameworksBuildPhase;
			buildActionMask = 2147483647;
			files = (
			);
			runOnlyForDeploymentPostprocessing = 0;
		};
		227E84BA1BC5903000908A30 /* Frameworks */ = {
			isa = PBXFrameworksBuildPhase;
			buildActionMask = 2147483647;
			files = (
			);
			runOnlyForDeploymentPostprocessing = 0;
		};
/* End PBXFrameworksBuildPhase section */

/* Begin PBXGroup section */
		227E84951BC5902F00908A30 = {
			isa = PBXGroup;
			children = (
				227E84A01BC5902F00908A30 /* Tips */,
				227E84B51BC5903000908A30 /* TipsTests */,
				227E84C01BC5903000908A30 /* TipsUITests */,
				227E849F1BC5902F00908A30 /* Products */,
			);
			sourceTree = "<group>";
		};
		227E849F1BC5902F00908A30 /* Products */ = {
			isa = PBXGroup;
			children = (
				227E849E1BC5902F00908A30 /* Tips.app */,
				227E84B21BC5903000908A30 /* TipsTests.xctest */,
				227E84BD1BC5903000908A30 /* TipsUITests.xctest */,
			);
			name = Products;
			sourceTree = "<group>";
		};
		227E84A01BC5902F00908A30 /* Tips */ = {
			isa = PBXGroup;
			children = (
				227E84A11BC5902F00908A30 /* AppDelegate.swift */,
				227E84A31BC5903000908A30 /* ViewController.swift */,
				227E84A51BC5903000908A30 /* Main.storyboard */,
				227E84A81BC5903000908A30 /* Assets.xcassets */,
				227E84AA1BC5903000908A30 /* LaunchScreen.storyboard */,
				227E84AD1BC5903000908A30 /* Info.plist */,
			);
			path = Tips;
			sourceTree = "<group>";
		};
		227E84B51BC5903000908A30 /* TipsTests */ = {
			isa = PBXGroup;
			children = (
				227E84B61BC5903000908A30 /* TipsTests.swift */,
				227E84B81BC5903000908A30 /* Info.plist */,
			);
			path = TipsTests;
			sourceTree = "<group>";
		};
		227E84C01BC5903000908A30 /* TipsUITests */ = {
			isa = PBXGroup;
			children = (
				227E84C11BC5903000908A30 /* TipsUITests.swift */,
				227E84C31BC5903000908A30 /* Info.plist */,
			);
			path = TipsUITests;
			sourceTree = "<group>";
		};
/* End PBXGroup section */

/* Begin PBXNativeTarget section */
		227E849D1BC5902F00908A30 /* Tips */ = {
			isa = PBXNativeTarget;
			buildConfigurationList = 227E84C61BC5903000908A30 /* Build configuration list for PBXNativeTarget "Tips" */;
			buildPhases = (
				227E849A1BC5902F00908A30 /* Sources */,
				227E849B1BC5902F00908A30 /* Frameworks */,
				227E849C1BC5902F00908A30 /* Resources */,
			);
			buildRules = (
			);
			dependencies = (
			);
			name = Tips;
			productName = Tips;
			productReference = 227E849E1BC5902F00908A30 /* Tips.app */;
			productType = "com.apple.product-type.application";
		};
		227E84B11BC5903000908A30 /* TipsTests */ = {
			isa = PBXNativeTarget;
			buildConfigurationList = 227E84C91BC5903000908A30 /* Build configuration list for PBXNativeTarget "TipsTests" */;
			buildPhases = (
				227E84AE1BC5903000908A30 /* Sources */,
				227E84AF1BC5903000908A30 /* Frameworks */,
				227E84B01BC5903000908A30 /* Resources */,
			);
			buildRules = (
			);
			dependencies = (
				227E84B41BC5903000908A30 /* PBXTargetDependency */,
			);
			name = TipsTests;
			productName = TipsTests;
			productReference = 227E84B21BC5903000908A30 /* TipsTests.xctest */;
			productType = "com.apple.product-type.bundle.unit-test";
		};
		227E84BC1BC5903000908A30 /* TipsUITests */ = {
			isa = PBXNativeTarget;
			buildConfigurationList = 227E84CC1BC5903000908A30 /* Build configuration list for PBXNativeTarget "TipsUITests" */;
			buildPhases = (
				227E84B91BC5903000908A30 /* Sources */,
				227E84BA1BC5903000908A30 /* Frameworks */,
				227E84BB1BC5903000908A30 /* Resources */,
			);
			buildRules = (
			);
			dependencies = (
				227E84BF1BC5903000908A30 /* PBXTargetDependency */,
			);
			name = TipsUITests;
			productName = TipsUITests;
			productReference = 227E84BD1BC5903000908A30 /* TipsUITests.xctest */;
			productType = "com.apple.product-type.bundle.ui-testing";
		};
/* End PBXNativeTarget section */

/* Begin PBXProject section */
		227E84961BC5902F00908A30 /* Project object */ = {
			isa = PBXProject;
			attributes = {
				LastUpgradeCheck = 0700;
				ORGANIZATIONNAME = "Alex Nako";
				TargetAttributes = {
					227E849D1BC5902F00908A30 = {
						CreatedOnToolsVersion = 7.0.1;
					};
					227E84B11BC5903000908A30 = {
						CreatedOnToolsVersion = 7.0.1;
						TestTargetID = 227E849D1BC5902F00908A30;
					};
					227E84BC1BC5903000908A30 = {
						CreatedOnToolsVersion = 7.0.1;
						TestTargetID = 227E849D1BC5902F00908A30;
					};
				};
			};
			buildConfigurationList = 227E84991BC5902F00908A30 /* Build configuration list for PBXProject "Tips" */;
			compatibilityVersion = "Xcode 3.2";
			developmentRegion = English;
			hasScannedForEncodings = 0;
			knownRegions = (
				en,
				Base,
			);
			mainGroup = 227E84951BC5902F00908A30;
			productRefGroup = 227E849F1BC5902F00908A30 /* Products */;
			projectDirPath = "";
			projectRoot = "";
			targets = (
				227E849D1BC5902F00908A30 /* Tips */,
				227E84B11BC5903000908A30 /* TipsTests */,
				227E84BC1BC5903000908A30 /* TipsUITests */,
			);
		};
/* End PBXProject section */

/* Begin PBXResourcesBuildPhase section */
		227E849C1BC5902F00908A30 /* Resources */ = {
			isa = PBXResourcesBuildPhase;
			buildActionMask = 2147483647;
			files = (
				227E84AC1BC5903000908A30 /* LaunchScreen.storyboard in Resources */,
				227E84A91BC5903000908A30 /* Assets.xcassets in Resources */,
				227E84A71BC5903000908A30 /* Main.storyboard in Resources */,
			);
			runOnlyForDeploymentPostprocessing = 0;
		};
		227E84B01BC5903000908A30 /* Resources */ = {
			isa = PBXResourcesBuildPhase;
			buildActionMask = 2147483647;
			files = (
			);
			runOnlyForDeploymentPostprocessing = 0;
		};
		227E84BB1BC5903000908A30 /* Resources */ = {
			isa = PBXResourcesBuildPhase;
			buildActionMask = 2147483647;
			files = (
			);
			runOnlyForDeploymentPostprocessing = 0;
		};
/* End PBXResourcesBuildPhase section */

/* Begin PBXSourcesBuildPhase section */
		227E849A1BC5902F00908A30 /* Sources */ = {
			isa = PBXSourcesBuildPhase;
			buildActionMask = 2147483647;
			files = (
				227E84A41BC5903000908A30 /* ViewController.swift in Sources */,
				227E84A21BC5902F00908A30 /* AppDelegate.swift in Sources */,
			);
			runOnlyForDeploymentPostprocessing = 0;
		};
		227E84AE1BC5903000908A30 /* Sources */ = {
			isa = PBXSourcesBuildPhase;
			buildActionMask = 2147483647;
			files = (
				227E84B71BC5903000908A30 /* TipsTests.swift in Sources */,
			);
			runOnlyForDeploymentPostprocessing = 0;
		};
		227E84B91BC5903000908A30 /* Sources */ = {
			isa = PBXSourcesBuildPhase;
			buildActionMask = 2147483647;
			files = (
				227E84C21BC5903000908A30 /* TipsUITests.swift in Sources */,
			);
			runOnlyForDeploymentPostprocessing = 0;
		};
/* End PBXSourcesBuildPhase section */

/* Begin PBXTargetDependency section */
		227E84B41BC5903000908A30 /* PBXTargetDependency */ = {
			isa = PBXTargetDependency;
			target = 227E849D1BC5902F00908A30 /* Tips */;
			targetProxy = 227E84B31BC5903000908A30 /* PBXContainerItemProxy */;
		};
		227E84BF1BC5903000908A30 /* PBXTargetDependency */ = {
			isa = PBXTargetDependency;
			target = 227E849D1BC5902F00908A30 /* Tips */;
			targetProxy = 227E84BE1BC5903000908A30 /* PBXContainerItemProxy */;
		};
/* End PBXTargetDependency section */

/* Begin PBXVariantGroup section */
		227E84A51BC5903000908A30 /* Main.storyboard */ = {
			isa = PBXVariantGroup;
			children = (
				227E84A61BC5903000908A30 /* Base */,
			);
			name = Main.storyboard;
			sourceTree = "<group>";
		};
		227E84AA1BC5903000908A30 /* LaunchScreen.storyboard */ = {
			isa = PBXVariantGroup;
			children = (
				227E84AB1BC5903000908A30 /* Base */,
			);
			name = LaunchScreen.storyboard;
			sourceTree = "<group>";
		};
/* End PBXVariantGroup section */

/* Begin XCBuildConfiguration section */
		227E84C41BC5903000908A30 /* Debug */ = {
			isa = XCBuildConfiguration;
			buildSettings = {
				ALWAYS_SEARCH_USER_PATHS = NO;
				CLANG_CXX_LANGUAGE_STANDARD = "gnu++0x";
				CLANG_CXX_LIBRARY = "libc++";
				CLANG_ENABLE_MODULES = YES;
				CLANG_ENABLE_OBJC_ARC = YES;
				CLANG_WARN_BOOL_CONVERSION = YES;
				CLANG_WARN_CONSTANT_CONVERSION = YES;
				CLANG_WARN_DIRECT_OBJC_ISA_USAGE = YES_ERROR;
				CLANG_WARN_EMPTY_BODY = YES;
				CLANG_WARN_ENUM_CONVERSION = YES;
				CLANG_WARN_INT_CONVERSION = YES;
				CLANG_WARN_OBJC_ROOT_CLASS = YES_ERROR;
				CLANG_WARN_UNREACHABLE_CODE = YES;
				CLANG_WARN__DUPLICATE_METHOD_MATCH = YES;
				"CODE_SIGN_IDENTITY[sdk=iphoneos*]" = "iPhone Developer";
				COPY_PHASE_STRIP = NO;
				DEBUG_INFORMATION_FORMAT = dwarf;
				ENABLE_STRICT_OBJC_MSGSEND = YES;
				ENABLE_TESTABILITY = YES;
				GCC_C_LANGUAGE_STANDARD = gnu99;
				GCC_DYNAMIC_NO_PIC = NO;
				GCC_NO_COMMON_BLOCKS = YES;
				GCC_OPTIMIZATION_LEVEL = 0;
				GCC_PREPROCESSOR_DEFINITIONS = (
					"DEBUG=1",
					"$(inherited)",
				);
				GCC_WARN_64_TO_32_BIT_CONVERSION = YES;
				GCC_WARN_ABOUT_RETURN_TYPE = YES_ERROR;
				GCC_WARN_UNDECLARED_SELECTOR = YES;
				GCC_WARN_UNINITIALIZED_AUTOS = YES_AGGRESSIVE;
				GCC_WARN_UNUSED_FUNCTION = YES;
				GCC_WARN_UNUSED_VARIABLE = YES;
				IPHONEOS_DEPLOYMENT_TARGET = 9.0;
				MTL_ENABLE_DEBUG_INFO = YES;
				ONLY_ACTIVE_ARCH = YES;
				SDKROOT = iphoneos;
				SWIFT_OPTIMIZATION_LEVEL = "-Onone";
				TARGETED_DEVICE_FAMILY = "1,2";
			};
			name = Debug;
		};
		227E84C51BC5903000908A30 /* Release */ = {
			isa = XCBuildConfiguration;
			buildSettings = {
				ALWAYS_SEARCH_USER_PATHS = NO;
				CLANG_CXX_LANGUAGE_STANDARD = "gnu++0x";
				CLANG_CXX_LIBRARY = "libc++";
				CLANG_ENABLE_MODULES = YES;
				CLANG_ENABLE_OBJC_ARC = YES;
				CLANG_WARN_BOOL_CONVERSION = YES;
				CLANG_WARN_CONSTANT_CONVERSION = YES;
				CLANG_WARN_DIRECT_OBJC_ISA_USAGE = YES_ERROR;
				CLANG_WARN_EMPTY_BODY = YES;
				CLANG_WARN_ENUM_CONVERSION = YES;
				CLANG_WARN_INT_CONVERSION = YES;
				CLANG_WARN_OBJC_ROOT_CLASS = YES_ERROR;
				CLANG_WARN_UNREACHABLE_CODE = YES;
				CLANG_WARN__DUPLICATE_METHOD_MATCH = YES;
				"CODE_SIGN_IDENTITY[sdk=iphoneos*]" = "iPhone Developer";
				COPY_PHASE_STRIP = NO;
				DEBUG_INFORMATION_FORMAT = "dwarf-with-dsym";
				ENABLE_NS_ASSERTIONS = NO;
				ENABLE_STRICT_OBJC_MSGSEND = YES;
				GCC_C_LANGUAGE_STANDARD = gnu99;
				GCC_NO_COMMON_BLOCKS = YES;
				GCC_WARN_64_TO_32_BIT_CONVERSION = YES;
				GCC_WARN_ABOUT_RETURN_TYPE = YES_ERROR;
				GCC_WARN_UNDECLARED_SELECTOR = YES;
				GCC_WARN_UNINITIALIZED_AUTOS = YES_AGGRESSIVE;
				GCC_WARN_UNUSED_FUNCTION = YES;
				GCC_WARN_UNUSED_VARIABLE = YES;
				IPHONEOS_DEPLOYMENT_TARGET = 9.0;
				MTL_ENABLE_DEBUG_INFO = NO;
				SDKROOT = iphoneos;
				TARGETED_DEVICE_FAMILY = "1,2";
				VALIDATE_PRODUCT = YES;
			};
			name = Release;
		};
		227E84C71BC5903000908A30 /* Debug */ = {
			isa = XCBuildConfiguration;
			buildSettings = {
				ASSETCATALOG_COMPILER_APPICON_NAME = AppIcon;
				INFOPLIST_FILE = Tips/Info.plist;
				LD_RUNPATH_SEARCH_PATHS = "$(inherited) @executable_path/Frameworks";
				PRODUCT_BUNDLE_IDENTIFIER = Nako.Tips;
				PRODUCT_NAME = "$(TARGET_NAME)";
			};
			name = Debug;
		};
		227E84C81BC5903000908A30 /* Release */ = {
			isa = XCBuildConfiguration;
			buildSettings = {
				ASSETCATALOG_COMPILER_APPICON_NAME = AppIcon;
				INFOPLIST_FILE = Tips/Info.plist;
				LD_RUNPATH_SEARCH_PATHS = "$(inherited) @executable_path/Frameworks";
				PRODUCT_BUNDLE_IDENTIFIER = Nako.Tips;
				PRODUCT_NAME = "$(TARGET_NAME)";
			};
			name = Release;
		};
		227E84CA1BC5903000908A30 /* Debug */ = {
			isa = XCBuildConfiguration;
			buildSettings = {
				BUNDLE_LOADER = "$(TEST_HOST)";
				INFOPLIST_FILE = TipsTests/Info.plist;
				LD_RUNPATH_SEARCH_PATHS = "$(inherited) @executable_path/Frameworks @loader_path/Frameworks";
				PRODUCT_BUNDLE_IDENTIFIER = Nako.TipsTests;
				PRODUCT_NAME = "$(TARGET_NAME)";
				TEST_HOST = "$(BUILT_PRODUCTS_DIR)/Tips.app/Tips";
			};
			name = Debug;
		};
		227E84CB1BC5903000908A30 /* Release */ = {
			isa = XCBuildConfiguration;
			buildSettings = {
				BUNDLE_LOADER = "$(TEST_HOST)";
				INFOPLIST_FILE = TipsTests/Info.plist;
				LD_RUNPATH_SEARCH_PATHS = "$(inherited) @executable_path/Frameworks @loader_path/Frameworks";
				PRODUCT_BUNDLE_IDENTIFIER = Nako.TipsTests;
				PRODUCT_NAME = "$(TARGET_NAME)";
				TEST_HOST = "$(BUILT_PRODUCTS_DIR)/Tips.app/Tips";
			};
			name = Release;
		};
		227E84CD1BC5903000908A30 /* Debug */ = {
			isa = XCBuildConfiguration;
			buildSettings = {
				INFOPLIST_FILE = TipsUITests/Info.plist;
				LD_RUNPATH_SEARCH_PATHS = "$(inherited) @executable_path/Frameworks @loader_path/Frameworks";
				PRODUCT_BUNDLE_IDENTIFIER = Nako.TipsUITests;
				PRODUCT_NAME = "$(TARGET_NAME)";
				TEST_TARGET_NAME = Tips;
				USES_XCTRUNNER = YES;
			};
			name = Debug;
		};
		227E84CE1BC5903000908A30 /* Release */ = {
			isa = XCBuildConfiguration;
			buildSettings = {
				INFOPLIST_FILE = TipsUITests/Info.plist;
				LD_RUNPATH_SEARCH_PATHS = "$(inherited) @executable_path/Frameworks @loader_path/Frameworks";
				PRODUCT_BUNDLE_IDENTIFIER = Nako.TipsUITests;
				PRODUCT_NAME = "$(TARGET_NAME)";
				TEST_TARGET_NAME = Tips;
				USES_XCTRUNNER = YES;
			};
			name = Release;
		};
/* End XCBuildConfiguration section */

/* Begin XCConfigurationList section */
		227E84991BC5902F00908A30 /* Build configuration list for PBXProject "Tips" */ = {
			isa = XCConfigurationList;
			buildConfigurations = (
				227E84C41BC5903000908A30 /* Debug */,
				227E84C51BC5903000908A30 /* Release */,
			);
			defaultConfigurationIsVisible = 0;
			defaultConfigurationName = Release;
		};
		227E84C61BC5903000908A30 /* Build configuration list for PBXNativeTarget "Tips" */ = {
			isa = XCConfigurationList;
			buildConfigurations = (
				227E84C71BC5903000908A30 /* Debug */,
				227E84C81BC5903000908A30 /* Release */,
			);
			defaultConfigurationIsVisible = 0;
			defaultConfigurationName = Release;
		};
		227E84C91BC5903000908A30 /* Build configuration list for PBXNativeTarget "TipsTests" */ = {
			isa = XCConfigurationList;
			buildConfigurations = (
				227E84CA1BC5903000908A30 /* Debug */,
				227E84CB1BC5903000908A30 /* Release */,
			);
			defaultConfigurationIsVisible = 0;
			defaultConfigurationName = Release;
		};
		227E84CC1BC5903000908A30 /* Build configuration list for PBXNativeTarget "TipsUITests" */ = {
			isa = XCConfigurationList;
			buildConfigurations = (
				227E84CD1BC5903000908A30 /* Debug */,
				227E84CE1BC5903000908A30 /* Release */,
			);
			defaultConfigurationIsVisible = 0;
			defaultConfigurationName = Release;
		};
/* End XCConfigurationList section */
	};
	rootObject = 227E84961BC5902F00908A30 /* Project object */;
}
